
Microsoft Visual Studio Solution File, Format Version 12.00
# Visual Studio 15
VisualStudioVersion = 15.0.27130.2027
MinimumVisualStudioVersion = 10.0.40219.1
Project("{2150E333-8FDC-42A3-9474-1A3956D46DE8}") = "SolutionItems", "SolutionItems", "{8BFC1CD0-3DC9-45DB-9D8E-BB050211D100}"
	ProjectSection(SolutionItems) = preProject
		.gitattributes = .gitattributes
		.gitignore = .gitignore
		CHANGELOG.md = CHANGELOG.md
		LICENSE = LICENSE
		README.md = README.md
	EndProjectSection
EndProject
Project("{FAE04EC0-301F-11D3-BF4B-00C04F79EFBC}") = "BTCCrawler", "BTCCrawler\BTCCrawler.csproj", "{C310B35A-D992-4522-BA7B-42C8845A5C65}"
EndProject
Project("{FAE04EC0-301F-11D3-BF4B-00C04F79EFBC}") = "RealEstateCrawler", "RealEstateCrawler\RealEstateCrawler.csproj", "{766F2177-4B50-478F-ADBF-4F7607AA9132}"
EndProject
Global
	GlobalSection(SolutionConfigurationPlatforms) = preSolution
		Debug|Any CPU = Debug|Any CPU
		Release|Any CPU = Release|Any CPU
	EndGlobalSection
	GlobalSection(ProjectConfigurationPlatforms) = postSolution
		{C310B35A-D992-4522-BA7B-42C8845A5C65}.Debug|Any CPU.ActiveCfg = Debug|Any CPU
		{C310B35A-D992-4522-BA7B-42C8845A5C65}.Debug|Any CPU.Build.0 = Debug|Any CPU
		{C310B35A-D992-4522-BA7B-42C8845A5C65}.Release|Any CPU.ActiveCfg = Release|Any CPU
		{C310B35A-D992-4522-BA7B-42C8845A5C65}.Release|Any CPU.Build.0 = Release|Any CPU
		{766F2177-4B50-478F-ADBF-4F7607AA9132}.Debug|Any CPU.ActiveCfg = Debug|Any CPU
		{766F2177-4B50-478F-ADBF-4F7607AA9132}.Debug|Any CPU.Build.0 = Debug|Any CPU
		{766F2177-4B50-478F-ADBF-4F7607AA9132}.Release|Any CPU.ActiveCfg = Release|Any CPU
		{766F2177-4B50-478F-ADBF-4F7607AA9132}.Release|Any CPU.Build.0 = Release|Any CPU
	EndGlobalSection
	GlobalSection(SolutionProperties) = preSolution
		HideSolutionNode = FALSE
	EndGlobalSection
	GlobalSection(ExtensibilityGlobals) = postSolution
		SolutionGuid = {8B2729EE-DC1E-4695-8218-684068680CE5}
	EndGlobalSection
EndGlobal
